
Microsoft Visual Studio Solution File, Format Version 11.00
# Visual Studio 2010
Project("{FAE04EC0-301F-11D3-BF4B-00C04F79EFBC}") = "Meta.WitAi.Conduit", "Meta.WitAi.Conduit.csproj", "{c965e497-404c-5eca-6c4b-60bff961e38c}"
EndProject
Project("{FAE04EC0-301F-11D3-BF4B-00C04F79EFBC}") = "Oculus.VR", "Oculus.VR.csproj", "{3a2e2343-8c65-5dfd-8e25-b02e083ecdc7}"
EndProject
Project("{FAE04EC0-301F-11D3-BF4B-00C04F79EFBC}") = "Oculus.Interaction", "Oculus.Interaction.csproj", "{b954cf64-dd0d-6204-1eae-bcbd26c4a40c}"
EndProject
Project("{FAE04EC0-301F-11D3-BF4B-00C04F79EFBC}") = "Oculus.Interaction.Editor", "Oculus.Interaction.Editor.csproj", "{e9e8cfe7-9aac-1d0b-65c4-ca94516b8599}"
EndProject
Project("{FAE04EC0-301F-11D3-BF4B-00C04F79EFBC}") = "Oculus.Platform", "Oculus.Platform.csproj", "{930a7e05-2df5-2cd4-bb29-891aab47cedc}"
EndProject
Project("{FAE04EC0-301F-11D3-BF4B-00C04F79EFBC}") = "VoiceSDK.Telemetry", "VoiceSDK.Telemetry.csproj", "{07a135b2-e39a-8f9e-846a-83866cce60de}"
EndProject
Project("{FAE04EC0-301F-11D3-BF4B-00C04F79EFBC}") = "Assembly-CSharp", "Assembly-CSharp.csproj", "{b383744f-f982-5503-984a-3e0daee94c94}"
EndProject
Project("{FAE04EC0-301F-11D3-BF4B-00C04F79EFBC}") = "Oculus.Interaction.OVR.Samples", "Oculus.Interaction.OVR.Samples.csproj", "{93cd7d21-cb37-fd80-9ae5-30aaf39efe5a}"
EndProject
Project("{FAE04EC0-301F-11D3-BF4B-00C04F79EFBC}") = "Meta.WitAi.Lib", "Meta.WitAi.Lib.csproj", "{5268078c-1463-2dcc-d472-dcda992d3d6f}"
EndProject
Project("{FAE04EC0-301F-11D3-BF4B-00C04F79EFBC}") = "Meta.WitAi.Editor", "Meta.WitAi.Editor.csproj", "{e9ea79a4-7fa8-7748-31ea-cb5a463c469f}"
EndProject
Project("{FAE04EC0-301F-11D3-BF4B-00C04F79EFBC}") = "Meta.WitAi.Conduit.Editor", "Meta.WitAi.Conduit.Editor.csproj", "{5d2facbe-619d-bfeb-c0d7-bd42405fa11c}"
EndProject
Project("{FAE04EC0-301F-11D3-BF4B-00C04F79EFBC}") = "Meta.WitAi", "Meta.WitAi.csproj", "{9572d25b-8b5c-0ee4-7dad-993329a6aa45}"
EndProject
Project("{FAE04EC0-301F-11D3-BF4B-00C04F79EFBC}") = "Oculus.VR.Editor", "Oculus.VR.Editor.csproj", "{23c80bb8-fc48-2927-216f-99b20ec8d09e}"
EndProject
Project("{FAE04EC0-301F-11D3-BF4B-00C04F79EFBC}") = "Oculus.LipSync", "Oculus.LipSync.csproj", "{ec9b1a6a-ae1c-c86b-ee40-dc09e852c442}"
EndProject
Project("{FAE04EC0-301F-11D3-BF4B-00C04F79EFBC}") = "Oculus.Interaction.OVR", "Oculus.Interaction.OVR.csproj", "{e29706ac-eaa6-9c93-2de9-188f1ec7c7f2}"
EndProject
Project("{FAE04EC0-301F-11D3-BF4B-00C04F79EFBC}") = "VoiceSDK.Editor", "VoiceSDK.Editor.csproj", "{744d6c2c-f6b3-52c5-790a-eee3580e10ea}"
EndProject
Project("{FAE04EC0-301F-11D3-BF4B-00C04F79EFBC}") = "Meta.WitAI.Lib.Editor", "Meta.WitAI.Lib.Editor.csproj", "{076c5211-5a5c-1255-c14e-08733973cc7a}"
EndProject
Project("{FAE04EC0-301F-11D3-BF4B-00C04F79EFBC}") = "Meta.WitAi.TTS", "Meta.WitAi.TTS.csproj", "{df7dfb98-b7f1-f586-d726-046a0e2c7e23}"
EndProject
Project("{FAE04EC0-301F-11D3-BF4B-00C04F79EFBC}") = "Oculus.AudioManager", "Oculus.AudioManager.csproj", "{59e4c84a-5996-aa8c-bbdb-6326d5e5a3a7}"
EndProject
Project("{FAE04EC0-301F-11D3-BF4B-00C04F79EFBC}") = "Meta.WitAi.TTS.Editor", "Meta.WitAi.TTS.Editor.csproj", "{8b198ba7-934a-2357-ab40-957f82b42e54}"
EndProject
Project("{FAE04EC0-301F-11D3-BF4B-00C04F79EFBC}") = "Meta.Voice.Samples.BuiltInTimer", "Meta.Voice.Samples.BuiltInTimer.csproj", "{7d6df60d-0ede-38d9-d873-ef50ee770fb4}"
EndProject
Project("{FAE04EC0-301F-11D3-BF4B-00C04F79EFBC}") = "Meta.Voice.VSDKHub.Editor", "Meta.Voice.VSDKHub.Editor.csproj", "{f63857b0-3514-190e-09a4-bd24eee2d1a8}"
EndProject
Project("{FAE04EC0-301F-11D3-BF4B-00C04F79EFBC}") = "VoiceSDK.Dictation.Runtime", "VoiceSDK.Dictation.Runtime.csproj", "{673c892a-6ef0-6176-5578-77b6a95c10d0}"
EndProject
Project("{FAE04EC0-301F-11D3-BF4B-00C04F79EFBC}") = "AssistantCoreSDKRuntime", "AssistantCoreSDKRuntime.csproj", "{2c0ed4ac-47c1-5756-44d5-b8e7887f1754}"
EndProject
Project("{FAE04EC0-301F-11D3-BF4B-00C04F79EFBC}") = "Assembly-CSharp-Editor", "Assembly-CSharp-Editor.csproj", "{816c28db-e07a-16e6-2dc5-e633133fe2b1}"
EndProject
Project("{FAE04EC0-301F-11D3-BF4B-00C04F79EFBC}") = "Meta.Voice.Samples.TTSVoices", "Meta.Voice.Samples.TTSVoices.csproj", "{7a28bef9-b942-d1aa-e61c-932f2b51ff42}"
EndProject
Project("{FAE04EC0-301F-11D3-BF4B-00C04F79EFBC}") = "VoiceSDK.Runtime", "VoiceSDK.Runtime.csproj", "{528ba5b9-d192-4334-7b75-b9e5873363b3}"
EndProject
Project("{FAE04EC0-301F-11D3-BF4B-00C04F79EFBC}") = "Meta.WitAi.TTS.Samples", "Meta.WitAi.TTS.Samples.csproj", "{065d677d-ae72-f0ef-252d-a18fb10d31f7}"
EndProject
Project("{FAE04EC0-301F-11D3-BF4B-00C04F79EFBC}") = "Oculus.VR.Scripts.Editor", "Oculus.VR.Scripts.Editor.csproj", "{d11d6a14-3232-ff89-61fa-34755e552c64}"
EndProject
Project("{FAE04EC0-301F-11D3-BF4B-00C04F79EFBC}") = "Meta.Voice.Samples.LightTraits", "Meta.Voice.Samples.LightTraits.csproj", "{97bb27aa-b24e-d698-5dea-f4137c67d1c4}"
EndProject
Project("{FAE04EC0-301F-11D3-BF4B-00C04F79EFBC}") = "Meta.Voice.Hub.Editor", "Meta.Voice.Hub.Editor.csproj", "{d6bc1f04-7e39-b3a7-0bef-642eba05b14c}"
EndProject
Project("{FAE04EC0-301F-11D3-BF4B-00C04F79EFBC}") = "Oculus.Interaction.Samples.Editor", "Oculus.Interaction.Samples.Editor.csproj", "{28ec316f-a12e-05f8-92e1-51d4eba0a0f8}"
EndProject
Project("{FAE04EC0-301F-11D3-BF4B-00C04F79EFBC}") = "Oculus.Platform.Editor", "Oculus.Platform.Editor.csproj", "{87f5fb2d-b9d6-d26f-634a-9c69dd26588f}"
EndProject
Project("{FAE04EC0-301F-11D3-BF4B-00C04F79EFBC}") = "Facebook.Wit.Dictation", "Facebook.Wit.Dictation.csproj", "{b7d23a21-5021-9555-17d9-8900bb8c779f}"
EndProject
Project("{FAE04EC0-301F-11D3-BF4B-00C04F79EFBC}") = "Oculus.Spatializer.Editor", "Oculus.Spatializer.Editor.csproj", "{7ea704e6-46aa-baf5-ffc4-6a034f9ee76f}"
EndProject
Project("{FAE04EC0-301F-11D3-BF4B-00C04F79EFBC}") = "Oculus.LipSync.Editor", "Oculus.LipSync.Editor.csproj", "{31ecdf0b-d7f0-f5bb-b050-0927e2656351}"
EndProject
Project("{FAE04EC0-301F-11D3-BF4B-00C04F79EFBC}") = "Oculus.AudioManager.Utils.Editor", "Oculus.AudioManager.Utils.Editor.csproj", "{0a3d1b4c-6c10-f07f-e450-535dd8c15cb5}"
EndProject
Project("{FAE04EC0-301F-11D3-BF4B-00C04F79EFBC}") = "Meta.VoiceSDK.Mic.Common", "Meta.VoiceSDK.Mic.Common.csproj", "{3029e5fd-a655-b127-9048-e4a35d140033}"
EndProject
Project("{FAE04EC0-301F-11D3-BF4B-00C04F79EFBC}") = "Meta.Voice.Samples.ShapesConduit", "Meta.Voice.Samples.ShapesConduit.csproj", "{5c441929-8001-6655-d987-80863abc8295}"
EndProject
Project("{FAE04EC0-301F-11D3-BF4B-00C04F79EFBC}") = "Oculus.Spatializer", "Oculus.Spatializer.csproj", "{cb04b724-7c51-b6c3-d706-b0febc836244}"
EndProject
Project("{FAE04EC0-301F-11D3-BF4B-00C04F79EFBC}") = "Meta.VoiceSDK.Mic.Other", "Meta.VoiceSDK.Mic.Other.csproj", "{cb520abb-eedf-1fa5-f970-e8aac2f153b9}"
EndProject
Project("{FAE04EC0-301F-11D3-BF4B-00C04F79EFBC}") = "Oculus.Interaction.InterfaceSupport", "Oculus.Interaction.InterfaceSupport.csproj", "{b41fc2c1-d3a2-bddd-f009-8cb2a2b4c821}"
EndProject
Project("{FAE04EC0-301F-11D3-BF4B-00C04F79EFBC}") = "Oculus.AudioManager.Audio.Editor", "Oculus.AudioManager.Audio.Editor.csproj", "{d64b9093-e6f1-6eb1-1611-f5fbf16ea253}"
EndProject
Project("{FAE04EC0-301F-11D3-BF4B-00C04F79EFBC}") = "Meta.Voice.Samples.LiveUnderstanding", "Meta.Voice.Samples.LiveUnderstanding.csproj", "{8f839b16-4133-c47c-98fc-57e481528b61}"
EndProject
Project("{FAE04EC0-301F-11D3-BF4B-00C04F79EFBC}") = "VoiceSDK.Dictation.Editor", "VoiceSDK.Dictation.Editor.csproj", "{e27f8bd1-60fe-7f53-1b20-25e4c65ceb39}"
EndProject
Project("{FAE04EC0-301F-11D3-BF4B-00C04F79EFBC}") = "AssistantCoreSDKEditor", "AssistantCoreSDKEditor.csproj", "{ea7eeaa6-5229-66c5-3f6f-54eb30c5aed0}"
EndProject
Project("{FAE04EC0-301F-11D3-BF4B-00C04F79EFBC}") = "Meta.VoiceSDK.Mic.WebGL", "Meta.VoiceSDK.Mic.WebGL.csproj", "{c50d7e0f-e196-878f-a96d-f34419a37289}"
EndProject
Project("{FAE04EC0-301F-11D3-BF4B-00C04F79EFBC}") = "Meta.Voice.Hub.Runtime", "Meta.Voice.Hub.Runtime.csproj", "{c631d097-a5a1-b060-dec8-85f6378ac603}"
EndProject
Project("{FAE04EC0-301F-11D3-BF4B-00C04F79EFBC}") = "Meta.Voice.Samples.Chess", "Meta.Voice.Samples.Chess.csproj", "{19c8b06b-ab5b-aa15-fe7f-24e1aacf484f}"
EndProject
Project("{FAE04EC0-301F-11D3-BF4B-00C04F79EFBC}") = "Meta.Voice.Samples.Dictation", "Meta.Voice.Samples.Dictation.csproj", "{affeadd7-40e0-fedb-7fc0-769842359ecc}"
EndProject
Project("{FAE04EC0-301F-11D3-BF4B-00C04F79EFBC}") = "Meta.Voice.Samples.Shapes", "Meta.Voice.Samples.Shapes.csproj", "{a67f81f1-bc13-4829-a132-7c331d169488}"
EndProject
Project("{FAE04EC0-301F-11D3-BF4B-00C04F79EFBC}") = "Oculus.Interaction.OVR.Editor", "Oculus.Interaction.OVR.Editor.csproj", "{39400fa2-f444-a5eb-bf9e-eb9056f3aeab}"
EndProject
Project("{FAE04EC0-301F-11D3-BF4B-00C04F79EFBC}") = "Facebook.Wit.Dictation.Editor", "Facebook.Wit.Dictation.Editor.csproj", "{19c234df-49bf-d99b-db1a-e1e912ac6de9}"
EndProject
Project("{FAE04EC0-301F-11D3-BF4B-00C04F79EFBC}") = "Assembly-CSharp-firstpass", "Assembly-CSharp-firstpass.csproj", "{2adf0e8d-d012-2a9b-f38c-aa4535dd7153}"
EndProject
Global
	GlobalSection(SolutionConfigurationPlatforms) = preSolution
		Debug|Any CPU = Debug|Any CPU
	EndGlobalSection
	GlobalSection(ProjectConfigurationPlatforms) = postSolution
		{c965e497-404c-5eca-6c4b-60bff961e38c}.Debug|Any CPU.ActiveCfg = Debug|Any CPU
		{c965e497-404c-5eca-6c4b-60bff961e38c}.Debug|Any CPU.Build.0 = Debug|Any CPU
		{3a2e2343-8c65-5dfd-8e25-b02e083ecdc7}.Debug|Any CPU.ActiveCfg = Debug|Any CPU
		{3a2e2343-8c65-5dfd-8e25-b02e083ecdc7}.Debug|Any CPU.Build.0 = Debug|Any CPU
		{b954cf64-dd0d-6204-1eae-bcbd26c4a40c}.Debug|Any CPU.ActiveCfg = Debug|Any CPU
		{b954cf64-dd0d-6204-1eae-bcbd26c4a40c}.Debug|Any CPU.Build.0 = Debug|Any CPU
		{e9e8cfe7-9aac-1d0b-65c4-ca94516b8599}.Debug|Any CPU.ActiveCfg = Debug|Any CPU
		{e9e8cfe7-9aac-1d0b-65c4-ca94516b8599}.Debug|Any CPU.Build.0 = Debug|Any CPU
		{930a7e05-2df5-2cd4-bb29-891aab47cedc}.Debug|Any CPU.ActiveCfg = Debug|Any CPU
		{930a7e05-2df5-2cd4-bb29-891aab47cedc}.Debug|Any CPU.Build.0 = Debug|Any CPU
		{07a135b2-e39a-8f9e-846a-83866cce60de}.Debug|Any CPU.ActiveCfg = Debug|Any CPU
		{07a135b2-e39a-8f9e-846a-83866cce60de}.Debug|Any CPU.Build.0 = Debug|Any CPU
		{b383744f-f982-5503-984a-3e0daee94c94}.Debug|Any CPU.ActiveCfg = Debug|Any CPU
		{b383744f-f982-5503-984a-3e0daee94c94}.Debug|Any CPU.Build.0 = Debug|Any CPU
		{93cd7d21-cb37-fd80-9ae5-30aaf39efe5a}.Debug|Any CPU.ActiveCfg = Debug|Any CPU
		{93cd7d21-cb37-fd80-9ae5-30aaf39efe5a}.Debug|Any CPU.Build.0 = Debug|Any CPU
		{5268078c-1463-2dcc-d472-dcda992d3d6f}.Debug|Any CPU.ActiveCfg = Debug|Any CPU
		{5268078c-1463-2dcc-d472-dcda992d3d6f}.Debug|Any CPU.Build.0 = Debug|Any CPU
		{e9ea79a4-7fa8-7748-31ea-cb5a463c469f}.Debug|Any CPU.ActiveCfg = Debug|Any CPU
		{e9ea79a4-7fa8-7748-31ea-cb5a463c469f}.Debug|Any CPU.Build.0 = Debug|Any CPU
		{5d2facbe-619d-bfeb-c0d7-bd42405fa11c}.Debug|Any CPU.ActiveCfg = Debug|Any CPU
		{5d2facbe-619d-bfeb-c0d7-bd42405fa11c}.Debug|Any CPU.Build.0 = Debug|Any CPU
		{9572d25b-8b5c-0ee4-7dad-993329a6aa45}.Debug|Any CPU.ActiveCfg = Debug|Any CPU
		{9572d25b-8b5c-0ee4-7dad-993329a6aa45}.Debug|Any CPU.Build.0 = Debug|Any CPU
		{23c80bb8-fc48-2927-216f-99b20ec8d09e}.Debug|Any CPU.ActiveCfg = Debug|Any CPU
		{23c80bb8-fc48-2927-216f-99b20ec8d09e}.Debug|Any CPU.Build.0 = Debug|Any CPU
		{ec9b1a6a-ae1c-c86b-ee40-dc09e852c442}.Debug|Any CPU.ActiveCfg = Debug|Any CPU
		{ec9b1a6a-ae1c-c86b-ee40-dc09e852c442}.Debug|Any CPU.Build.0 = Debug|Any CPU
		{e29706ac-eaa6-9c93-2de9-188f1ec7c7f2}.Debug|Any CPU.ActiveCfg = Debug|Any CPU
		{e29706ac-eaa6-9c93-2de9-188f1ec7c7f2}.Debug|Any CPU.Build.0 = Debug|Any CPU
		{744d6c2c-f6b3-52c5-790a-eee3580e10ea}.Debug|Any CPU.ActiveCfg = Debug|Any CPU
		{744d6c2c-f6b3-52c5-790a-eee3580e10ea}.Debug|Any CPU.Build.0 = Debug|Any CPU
		{076c5211-5a5c-1255-c14e-08733973cc7a}.Debug|Any CPU.ActiveCfg = Debug|Any CPU
		{076c5211-5a5c-1255-c14e-08733973cc7a}.Debug|Any CPU.Build.0 = Debug|Any CPU
		{df7dfb98-b7f1-f586-d726-046a0e2c7e23}.Debug|Any CPU.ActiveCfg = Debug|Any CPU
		{df7dfb98-b7f1-f586-d726-046a0e2c7e23}.Debug|Any CPU.Build.0 = Debug|Any CPU
		{59e4c84a-5996-aa8c-bbdb-6326d5e5a3a7}.Debug|Any CPU.ActiveCfg = Debug|Any CPU
		{59e4c84a-5996-aa8c-bbdb-6326d5e5a3a7}.Debug|Any CPU.Build.0 = Debug|Any CPU
		{8b198ba7-934a-2357-ab40-957f82b42e54}.Debug|Any CPU.ActiveCfg = Debug|Any CPU
		{8b198ba7-934a-2357-ab40-957f82b42e54}.Debug|Any CPU.Build.0 = Debug|Any CPU
		{7d6df60d-0ede-38d9-d873-ef50ee770fb4}.Debug|Any CPU.ActiveCfg = Debug|Any CPU
		{7d6df60d-0ede-38d9-d873-ef50ee770fb4}.Debug|Any CPU.Build.0 = Debug|Any CPU
		{f63857b0-3514-190e-09a4-bd24eee2d1a8}.Debug|Any CPU.ActiveCfg = Debug|Any CPU
		{f63857b0-3514-190e-09a4-bd24eee2d1a8}.Debug|Any CPU.Build.0 = Debug|Any CPU
		{673c892a-6ef0-6176-5578-77b6a95c10d0}.Debug|Any CPU.ActiveCfg = Debug|Any CPU
		{673c892a-6ef0-6176-5578-77b6a95c10d0}.Debug|Any CPU.Build.0 = Debug|Any CPU
		{2c0ed4ac-47c1-5756-44d5-b8e7887f1754}.Debug|Any CPU.ActiveCfg = Debug|Any CPU
		{2c0ed4ac-47c1-5756-44d5-b8e7887f1754}.Debug|Any CPU.Build.0 = Debug|Any CPU
		{816c28db-e07a-16e6-2dc5-e633133fe2b1}.Debug|Any CPU.ActiveCfg = Debug|Any CPU
		{816c28db-e07a-16e6-2dc5-e633133fe2b1}.Debug|Any CPU.Build.0 = Debug|Any CPU
		{7a28bef9-b942-d1aa-e61c-932f2b51ff42}.Debug|Any CPU.ActiveCfg = Debug|Any CPU
		{7a28bef9-b942-d1aa-e61c-932f2b51ff42}.Debug|Any CPU.Build.0 = Debug|Any CPU
		{528ba5b9-d192-4334-7b75-b9e5873363b3}.Debug|Any CPU.ActiveCfg = Debug|Any CPU
		{528ba5b9-d192-4334-7b75-b9e5873363b3}.Debug|Any CPU.Build.0 = Debug|Any CPU
		{065d677d-ae72-f0ef-252d-a18fb10d31f7}.Debug|Any CPU.ActiveCfg = Debug|Any CPU
		{065d677d-ae72-f0ef-252d-a18fb10d31f7}.Debug|Any CPU.Build.0 = Debug|Any CPU
		{d11d6a14-3232-ff89-61fa-34755e552c64}.Debug|Any CPU.ActiveCfg = Debug|Any CPU
		{d11d6a14-3232-ff89-61fa-34755e552c64}.Debug|Any CPU.Build.0 = Debug|Any CPU
		{97bb27aa-b24e-d698-5dea-f4137c67d1c4}.Debug|Any CPU.ActiveCfg = Debug|Any CPU
		{97bb27aa-b24e-d698-5dea-f4137c67d1c4}.Debug|Any CPU.Build.0 = Debug|Any CPU
		{d6bc1f04-7e39-b3a7-0bef-642eba05b14c}.Debug|Any CPU.ActiveCfg = Debug|Any CPU
		{d6bc1f04-7e39-b3a7-0bef-642eba05b14c}.Debug|Any CPU.Build.0 = Debug|Any CPU
		{28ec316f-a12e-05f8-92e1-51d4eba0a0f8}.Debug|Any CPU.ActiveCfg = Debug|Any CPU
		{28ec316f-a12e-05f8-92e1-51d4eba0a0f8}.Debug|Any CPU.Build.0 = Debug|Any CPU
		{87f5fb2d-b9d6-d26f-634a-9c69dd26588f}.Debug|Any CPU.ActiveCfg = Debug|Any CPU
		{87f5fb2d-b9d6-d26f-634a-9c69dd26588f}.Debug|Any CPU.Build.0 = Debug|Any CPU
		{b7d23a21-5021-9555-17d9-8900bb8c779f}.Debug|Any CPU.ActiveCfg = Debug|Any CPU
		{b7d23a21-5021-9555-17d9-8900bb8c779f}.Debug|Any CPU.Build.0 = Debug|Any CPU
		{7ea704e6-46aa-baf5-ffc4-6a034f9ee76f}.Debug|Any CPU.ActiveCfg = Debug|Any CPU
		{7ea704e6-46aa-baf5-ffc4-6a034f9ee76f}.Debug|Any CPU.Build.0 = Debug|Any CPU
		{31ecdf0b-d7f0-f5bb-b050-0927e2656351}.Debug|Any CPU.ActiveCfg = Debug|Any CPU
		{31ecdf0b-d7f0-f5bb-b050-0927e2656351}.Debug|Any CPU.Build.0 = Debug|Any CPU
		{0a3d1b4c-6c10-f07f-e450-535dd8c15cb5}.Debug|Any CPU.ActiveCfg = Debug|Any CPU
		{0a3d1b4c-6c10-f07f-e450-535dd8c15cb5}.Debug|Any CPU.Build.0 = Debug|Any CPU
		{3029e5fd-a655-b127-9048-e4a35d140033}.Debug|Any CPU.ActiveCfg = Debug|Any CPU
		{3029e5fd-a655-b127-9048-e4a35d140033}.Debug|Any CPU.Build.0 = Debug|Any CPU
		{5c441929-8001-6655-d987-80863abc8295}.Debug|Any CPU.ActiveCfg = Debug|Any CPU
		{5c441929-8001-6655-d987-80863abc8295}.Debug|Any CPU.Build.0 = Debug|Any CPU
		{cb04b724-7c51-b6c3-d706-b0febc836244}.Debug|Any CPU.ActiveCfg = Debug|Any CPU
		{cb04b724-7c51-b6c3-d706-b0febc836244}.Debug|Any CPU.Build.0 = Debug|Any CPU
		{cb520abb-eedf-1fa5-f970-e8aac2f153b9}.Debug|Any CPU.ActiveCfg = Debug|Any CPU
		{cb520abb-eedf-1fa5-f970-e8aac2f153b9}.Debug|Any CPU.Build.0 = Debug|Any CPU
		{b41fc2c1-d3a2-bddd-f009-8cb2a2b4c821}.Debug|Any CPU.ActiveCfg = Debug|Any CPU
		{b41fc2c1-d3a2-bddd-f009-8cb2a2b4c821}.Debug|Any CPU.Build.0 = Debug|Any CPU
		{d64b9093-e6f1-6eb1-1611-f5fbf16ea253}.Debug|Any CPU.ActiveCfg = Debug|Any CPU
		{d64b9093-e6f1-6eb1-1611-f5fbf16ea253}.Debug|Any CPU.Build.0 = Debug|Any CPU
		{8f839b16-4133-c47c-98fc-57e481528b61}.Debug|Any CPU.ActiveCfg = Debug|Any CPU
		{8f839b16-4133-c47c-98fc-57e481528b61}.Debug|Any CPU.Build.0 = Debug|Any CPU
		{e27f8bd1-60fe-7f53-1b20-25e4c65ceb39}.Debug|Any CPU.ActiveCfg = Debug|Any CPU
		{e27f8bd1-60fe-7f53-1b20-25e4c65ceb39}.Debug|Any CPU.Build.0 = Debug|Any CPU
		{ea7eeaa6-5229-66c5-3f6f-54eb30c5aed0}.Debug|Any CPU.ActiveCfg = Debug|Any CPU
		{ea7eeaa6-5229-66c5-3f6f-54eb30c5aed0}.Debug|Any CPU.Build.0 = Debug|Any CPU
		{c50d7e0f-e196-878f-a96d-f34419a37289}.Debug|Any CPU.ActiveCfg = Debug|Any CPU
		{c50d7e0f-e196-878f-a96d-f34419a37289}.Debug|Any CPU.Build.0 = Debug|Any CPU
		{c631d097-a5a1-b060-dec8-85f6378ac603}.Debug|Any CPU.ActiveCfg = Debug|Any CPU
		{c631d097-a5a1-b060-dec8-85f6378ac603}.Debug|Any CPU.Build.0 = Debug|Any CPU
		{19c8b06b-ab5b-aa15-fe7f-24e1aacf484f}.Debug|Any CPU.ActiveCfg = Debug|Any CPU
		{19c8b06b-ab5b-aa15-fe7f-24e1aacf484f}.Debug|Any CPU.Build.0 = Debug|Any CPU
		{affeadd7-40e0-fedb-7fc0-769842359ecc}.Debug|Any CPU.ActiveCfg = Debug|Any CPU
		{affeadd7-40e0-fedb-7fc0-769842359ecc}.Debug|Any CPU.Build.0 = Debug|Any CPU
		{a67f81f1-bc13-4829-a132-7c331d169488}.Debug|Any CPU.ActiveCfg = Debug|Any CPU
		{a67f81f1-bc13-4829-a132-7c331d169488}.Debug|Any CPU.Build.0 = Debug|Any CPU
		{39400fa2-f444-a5eb-bf9e-eb9056f3aeab}.Debug|Any CPU.ActiveCfg = Debug|Any CPU
		{39400fa2-f444-a5eb-bf9e-eb9056f3aeab}.Debug|Any CPU.Build.0 = Debug|Any CPU
		{19c234df-49bf-d99b-db1a-e1e912ac6de9}.Debug|Any CPU.ActiveCfg = Debug|Any CPU
		{19c234df-49bf-d99b-db1a-e1e912ac6de9}.Debug|Any CPU.Build.0 = Debug|Any CPU
		{2adf0e8d-d012-2a9b-f38c-aa4535dd7153}.Debug|Any CPU.ActiveCfg = Debug|Any CPU
		{2adf0e8d-d012-2a9b-f38c-aa4535dd7153}.Debug|Any CPU.Build.0 = Debug|Any CPU
	EndGlobalSection
	GlobalSection(SolutionProperties) = preSolution
		HideSolutionNode = FALSE
	EndGlobalSection
EndGlobal
